{
    "_readme": [
        "This file locks the dependencies of your project to a known state",
        "Read more about it at http://getcomposer.org/doc/01-basic-usage.md#composer-lock-the-lock-file",
        "This file is @generated automatically"
    ],
    "hash": "a5748b150c5c97624b7e75f6b97f4f8a",
    "packages": [
        {
            "name": "danielstjules/stringy",
            "version": "1.9.0",
            "source": {
                "type": "git",
                "url": "https://github.com/danielstjules/Stringy.git",
                "reference": "3cf18e9e424a6dedc38b7eb7ef580edb0929461b"
            },
            "dist": {
                "type": "zip",
                "url": "https://api.github.com/repos/danielstjules/Stringy/zipball/3cf18e9e424a6dedc38b7eb7ef580edb0929461b",
                "reference": "3cf18e9e424a6dedc38b7eb7ef580edb0929461b",
                "shasum": ""
            },
            "require": {
                "ext-mbstring": "*",
                "php": ">=5.3.0"
            },
            "require-dev": {
                "phpunit/phpunit": "~4.0"
            },
            "type": "library",
            "autoload": {
                "psr-4": {
                    "Stringy\\": "src/"
                },
                "files": [
                    "src/Create.php"
                ]
            },
            "notification-url": "https://packagist.org/downloads/",
            "license": [
                "MIT"
            ],
            "authors": [
                {
                    "name": "Daniel St. Jules",
                    "email": "danielst.jules@gmail.com",
                    "homepage": "http://www.danielstjules.com"
                }
            ],
            "description": "A string manipulation library with multibyte support",
            "homepage": "https://github.com/danielstjules/Stringy",
            "keywords": [
                "UTF",
                "helpers",
                "manipulation",
                "methods",
                "multibyte",
                "string",
                "utf-8",
                "utility",
                "utils"
            ],
            "time": "2015-02-10 06:19:18"
        },
        {
            "name": "doctrine/inflector",
            "version": "v1.0.1",
            "source": {
                "type": "git",
                "url": "https://github.com/doctrine/inflector.git",
                "reference": "0bcb2e79d8571787f18b7eb036ed3d004908e604"
            },
            "dist": {
                "type": "zip",
                "url": "https://api.github.com/repos/doctrine/inflector/zipball/0bcb2e79d8571787f18b7eb036ed3d004908e604",
                "reference": "0bcb2e79d8571787f18b7eb036ed3d004908e604",
                "shasum": ""
            },
            "require": {
                "php": ">=5.3.2"
            },
            "require-dev": {
                "phpunit/phpunit": "4.*"
            },
            "type": "library",
            "extra": {
                "branch-alias": {
                    "dev-master": "1.0.x-dev"
                }
            },
            "autoload": {
                "psr-0": {
                    "Doctrine\\Common\\Inflector\\": "lib/"
                }
            },
            "notification-url": "https://packagist.org/downloads/",
            "license": [
                "MIT"
            ],
            "authors": [
                {
                    "name": "Roman Borschel",
                    "email": "roman@code-factory.org"
                },
                {
                    "name": "Benjamin Eberlei",
                    "email": "kontakt@beberlei.de"
                },
                {
                    "name": "Guilherme Blanco",
                    "email": "guilhermeblanco@gmail.com"
                },
                {
                    "name": "Jonathan Wage",
                    "email": "jonwage@gmail.com"
                },
                {
                    "name": "Johannes Schmitt",
                    "email": "schmittjoh@gmail.com"
                }
            ],
            "description": "Common String Manipulations with regard to casing and singular/plural rules.",
            "homepage": "http://www.doctrine-project.org",
            "keywords": [
                "inflection",
                "pluralize",
                "singularize",
                "string"
            ],
            "time": "2014-12-20 21:24:13"
        },
        {
            "name": "illuminate/contracts",
            "version": "v5.0.0",
            "source": {
                "type": "git",
                "url": "https://github.com/illuminate/contracts.git",
                "reference": "78f1dba092d5fcb6d3a19537662abe31c4d128fd"
            },
            "dist": {
                "type": "zip",
                "url": "https://api.github.com/repos/illuminate/contracts/zipball/78f1dba092d5fcb6d3a19537662abe31c4d128fd",
                "reference": "78f1dba092d5fcb6d3a19537662abe31c4d128fd",
                "shasum": ""
            },
            "require": {
                "php": ">=5.4.0"
            },
            "type": "library",
            "extra": {
                "branch-alias": {
                    "dev-master": "5.0-dev"
                }
            },
            "autoload": {
                "psr-4": {
                    "Illuminate\\Contracts\\": ""
                }
            },
            "notification-url": "https://packagist.org/downloads/",
            "license": [
                "MIT"
            ],
            "authors": [
                {
                    "name": "Taylor Otwell",
                    "email": "taylorotwell@gmail.com"
                }
            ],
            "description": "The Illuminate Contracts package.",
            "time": "2015-01-30 16:27:08"
        },
        {
            "name": "illuminate/support",
            "version": "v5.0.4",
            "source": {
                "type": "git",
                "url": "https://github.com/illuminate/support.git",
                "reference": "405a2241fefa49cfc39b7fba8cc54f69fce2f101"
            },
            "dist": {
                "type": "zip",
                "url": "https://api.github.com/repos/illuminate/support/zipball/405a2241fefa49cfc39b7fba8cc54f69fce2f101",
                "reference": "405a2241fefa49cfc39b7fba8cc54f69fce2f101",
                "shasum": ""
            },
            "require": {
                "danielstjules/stringy": "~1.8",
                "doctrine/inflector": "~1.0",
                "ext-mbstring": "*",
                "illuminate/contracts": "5.0.*",
                "php": ">=5.4.0"
            },
            "suggest": {
                "jeremeamia/superclosure": "Required to be able to serialize closures (~2.0)."
            },
            "type": "library",
            "extra": {
                "branch-alias": {
                    "dev-master": "5.0-dev"
                }
            },
            "autoload": {
                "psr-4": {
                    "Illuminate\\Support\\": ""
                },
                "files": [
                    "helpers.php"
                ]
            },
            "notification-url": "https://packagist.org/downloads/",
            "license": [
                "MIT"
            ],
            "authors": [
                {
                    "name": "Taylor Otwell",
                    "email": "taylorotwell@gmail.com"
                }
            ],
            "description": "The Illuminate Support package.",
            "time": "2015-02-11 11:08:03"
        },
        {
            "name": "mgp25/whatsapi",
            "version": "dev-master",
            "source": {
                "type": "git",
                "url": "https://github.com/mgp25/WhatsAPI-Official.git",
                "reference": "47b40de1039f25e83aed160794f0b13af79d42af"
            },
            "dist": {
                "type": "zip",
                "url": "https://api.github.com/repos/mgp25/WhatsAPI-Official/zipball/47b40de1039f25e83aed160794f0b13af79d42af",
                "reference": "47b40de1039f25e83aed160794f0b13af79d42af",
                "shasum": ""
            },
            "require": {
                "ext-curl": "*",
                "php": ">=5.3"
            },
            "suggest": {
                "williamson/larawhatsapi": "A laravel Wrapper for WhatsApi"
            },
            "type": "library",
            "autoload": {
                "classmap": [
                    "src/",
                    "src/events"
                ]
            },
            "notification-url": "https://packagist.org/downloads/",
            "license": [
                "MIT"
            ],
            "authors": [
                {
                    "name": "WhatsApi Contributing Team",
                    "homepage": "https://github.com/mgp25/WhatsAPI-Official/graphs/contributors",
                    "role": "Contributers"
                }
            ],
            "description": "PHP Interface for WhatsApp Messenger",
            "keywords": [
                "TextMessage",
                "sms",
                "whatsapp"
            ],
            "time": "2015-02-23 20:32:56"
        },
        {
            "name": "thomasvargiu/tmv-whatsapi",
            "version": "v0.3.0",
            "source": {
                "type": "git",
                "url": "https://github.com/thomasvargiu/TmvWhatsApi.git",
                "reference": "3db9611b4fa821986dffb087f042eb3f216871ee"
            },
            "dist": {
                "type": "zip",
                "url": "https://api.github.com/repos/thomasvargiu/TmvWhatsApi/zipball/3db9611b4fa821986dffb087f042eb3f216871ee",
                "reference": "3db9611b4fa821986dffb087f042eb3f216871ee",
                "shasum": ""
            },
            "require": {
                "ext-curl": "*",
                "php": ">=5.4",
                "zendframework/zend-eventmanager": "~2.0",
                "zendframework/zend-stdlib": "~2.0"
            },
            "require-dev": {
                "fabpot/php-cs-fixer": "0.*@dev",
                "mockery/mockery": "@stable",
                "php-ffmpeg/php-ffmpeg": "0.5.*",
                "phpmd/phpmd": "@stable",
                "phpunit/phpunit": "@stable",
                "satooshi/php-coveralls": "dev-master",
                "squizlabs/php_codesniffer": "1.*"
            },
            "suggest": {
                "ext-gd": "Allows icon generation for images",
                "php-ffmpeg/php-ffmpeg": "Allows icon generation for videos"
            },
            "type": "library",
            "autoload": {
                "psr-4": {
                    "Tmv\\WhatsApi\\": [
                        "src/",
                        "tests/unit/"
                    ]
                }
            },
            "notification-url": "https://packagist.org/downloads/",
            "license": [
                "MIT"
            ],
            "authors": [
                {
                    "name": "Thomas Vargiu",
                    "email": "tommy@ttech.it",
                    "homepage": "http://thomasvargiu.com"
                }
            ],
            "description": "Full OOP library to communicate with WhatsApp service",
            "keywords": [
                "sms",
                "whatsapi",
                "whatsapp"
            ],
            "time": "2015-02-07 09:58:44"
        },
        {
            "name": "zendframework/zend-eventmanager",
            "version": "2.3.4",
            "target-dir": "Zend/EventManager",
            "source": {
                "type": "git",
                "url": "https://github.com/zendframework/Component_ZendEventManager.git",
                "reference": "5992c202f13292415501aed41beba76404197866"
            },
            "dist": {
                "type": "zip",
                "url": "https://api.github.com/repos/zendframework/Component_ZendEventManager/zipball/5992c202f13292415501aed41beba76404197866",
                "reference": "5992c202f13292415501aed41beba76404197866",
                "shasum": ""
            },
            "require": {
                "php": ">=5.3.23",
                "zendframework/zend-stdlib": "self.version"
            },
            "type": "library",
            "extra": {
                "branch-alias": {
                    "dev-master": "2.3-dev",
                    "dev-develop": "2.4-dev"
                }
            },
            "autoload": {
                "psr-0": {
                    "Zend\\EventManager\\": ""
                }
            },
            "notification-url": "https://packagist.org/downloads/",
            "license": [
                "BSD-3-Clause"
            ],
            "homepage": "https://github.com/zendframework/zf2",
            "keywords": [
                "eventmanager",
                "zf2"
            ],
            "time": "2015-01-14 16:44:17"
        },
        {
            "name": "zendframework/zend-stdlib",
            "version": "2.3.4",
            "target-dir": "Zend/Stdlib",
            "source": {
                "type": "git",
                "url": "https://github.com/zendframework/Component_ZendStdlib.git",
                "reference": "280e4ee6a8fea96b3de00a39174758b4002a7358"
            },
            "dist": {
                "type": "zip",
                "url": "https://api.github.com/repos/zendframework/Component_ZendStdlib/zipball/280e4ee6a8fea96b3de00a39174758b4002a7358",
                "reference": "280e4ee6a8fea96b3de00a39174758b4002a7358",
                "shasum": ""
            },
            "require": {
                "php": ">=5.3.23"
            },
            "require-dev": {
                "zendframework/zend-eventmanager": "self.version",
                "zendframework/zend-filter": "self.version",
                "zendframework/zend-serializer": "self.version",
                "zendframework/zend-servicemanager": "self.version"
            },
            "suggest": {
                "zendframework/zend-eventmanager": "To support aggregate hydrator usage",
                "zendframework/zend-filter": "To support naming strategy hydrator usage",
                "zendframework/zend-serializer": "Zend\\Serializer component",
                "zendframework/zend-servicemanager": "To support hydrator plugin manager usage"
            },
            "type": "library",
            "extra": {
                "branch-alias": {
                    "dev-master": "2.3-dev",
                    "dev-develop": "2.4-dev"
                }
            },
            "autoload": {
                "psr-0": {
                    "Zend\\Stdlib\\": ""
                }
            },
            "notification-url": "https://packagist.org/downloads/",
            "license": [
                "BSD-3-Clause"
            ],
            "homepage": "https://github.com/zendframework/zf2",
            "keywords": [
                "stdlib",
                "zf2"
            ],
            "time": "2015-01-14 16:44:17"
        }
    ],
    "packages-dev": [],
    "aliases": [],
    "minimum-stability": "dev",
    "stability-flags": {
        "mgp25/whatsapi": 20
    },
    "prefer-stable": true,
    "prefer-lowest": false,
    "platform": {
        "php": ">=5.4.0"
    },
    "platform-dev": []
}
